
Microsoft Visual Studio Solution File, Format Version 12.00
# Visual Studio 15
VisualStudioVersion = 15.0.28307.572
MinimumVisualStudioVersion = 10.0.40219.1
Project("{9A19103F-16F7-4668-BE54-9A1E7A4F7556}") = "AsdaPricingAdministrationTool", "AsdaPricingAdministrationTool\AsdaPricingAdministrationTool.csproj", "{AE81B3AE-6886-442C-A85A-4ADBB9DE5F23}"
EndProject
Global
	GlobalSection(SolutionConfigurationPlatforms) = preSolution
		Debug|Any CPU = Debug|Any CPU
		Release|Any CPU = Release|Any CPU
	EndGlobalSection
	GlobalSection(ProjectConfigurationPlatforms) = postSolution
		{AE81B3AE-6886-442C-A85A-4ADBB9DE5F23}.Debug|Any CPU.ActiveCfg = Debug|Any CPU
		{AE81B3AE-6886-442C-A85A-4ADBB9DE5F23}.Debug|Any CPU.Build.0 = Debug|Any CPU
		{AE81B3AE-6886-442C-A85A-4ADBB9DE5F23}.Release|Any CPU.ActiveCfg = Release|Any CPU
		{AE81B3AE-6886-442C-A85A-4ADBB9DE5F23}.Release|Any CPU.Build.0 = Release|Any CPU
	EndGlobalSection
	GlobalSection(SolutionProperties) = preSolution
		HideSolutionNode = FALSE
	EndGlobalSection
	GlobalSection(ExtensibilityGlobals) = postSolution
		SolutionGuid = {7AB8943C-ABF8-4985-ACCD-5D19DE49B7CB}
	EndGlobalSection
EndGlobal
